// !$*UTF8*$!
{
	archiveVersion = 1;
	classes = {
	};
	objectVersion = 55;
	objects = {

/* Begin PBXBuildFile section */
		4857CF2D2750362900187524 /* AppDelegate.swift in Sources */ = {isa = PBXBuildFile; fileRef = 4857CF2C2750362900187524 /* AppDelegate.swift */; };
		4857CF2F2750362900187524 /* SceneDelegate.swift in Sources */ = {isa = PBXBuildFile; fileRef = 4857CF2E2750362900187524 /* SceneDelegate.swift */; };
		4857CF312750362900187524 /* ViewController.swift in Sources */ = {isa = PBXBuildFile; fileRef = 4857CF302750362900187524 /* ViewController.swift */; };
		4857CF342750362900187524 /* Main.storyboard in Resources */ = {isa = PBXBuildFile; fileRef = 4857CF322750362900187524 /* Main.storyboard */; };
		4857CF362750362A00187524 /* Assets.xcassets in Resources */ = {isa = PBXBuildFile; fileRef = 4857CF352750362A00187524 /* Assets.xcassets */; };
		4857CF392750362A00187524 /* LaunchScreen.storyboard in Resources */ = {isa = PBXBuildFile; fileRef = 4857CF372750362A00187524 /* LaunchScreen.storyboard */; };
		4857CF41275048E700187524 /* GoogleService-Info.plist in Resources */ = {isa = PBXBuildFile; fileRef = 4857CF40275048E700187524 /* GoogleService-Info.plist */; };
		4857CF4427504A3100187524 /* FirebaseAnalytics in Frameworks */ = {isa = PBXBuildFile; productRef = 4857CF4327504A3100187524 /* FirebaseAnalytics */; };
		4857CF4627504A3100187524 /* FirebaseAnalyticsWithoutAdIdSupport in Frameworks */ = {isa = PBXBuildFile; productRef = 4857CF4527504A3100187524 /* FirebaseAnalyticsWithoutAdIdSupport */; };
		4857CF4827504A3100187524 /* FirebaseAuth in Frameworks */ = {isa = PBXBuildFile; productRef = 4857CF4727504A3100187524 /* FirebaseAuth */; };
		4857CF4A27504A3100187524 /* FirebaseAuthCombine-Community in Frameworks */ = {isa = PBXBuildFile; productRef = 4857CF4927504A3100187524 /* FirebaseAuthCombine-Community */; };
		4857CF4C27504A3100187524 /* FirebaseFirestore in Frameworks */ = {isa = PBXBuildFile; productRef = 4857CF4B27504A3100187524 /* FirebaseFirestore */; };
		4857CF4E27504A3100187524 /* FirebaseStorage in Frameworks */ = {isa = PBXBuildFile; productRef = 4857CF4D27504A3100187524 /* FirebaseStorage */; };
		4857CF502750618800187524 /* LoginViewController.swift in Sources */ = {isa = PBXBuildFile; fileRef = 4857CF4F2750618800187524 /* LoginViewController.swift */; };
		4857CF522750729500187524 /* HomeViewController.swift in Sources */ = {isa = PBXBuildFile; fileRef = 4857CF512750729500187524 /* HomeViewController.swift */; };
/* End PBXBuildFile section */

/* Begin PBXFileReference section */
		4857CF292750362900187524 /* LoginFirebaseiOS.app */ = {isa = PBXFileReference; explicitFileType = wrapper.application; includeInIndex = 0; path = LoginFirebaseiOS.app; sourceTree = BUILT_PRODUCTS_DIR; };
		4857CF2C2750362900187524 /* AppDelegate.swift */ = {isa = PBXFileReference; lastKnownFileType = sourcecode.swift; path = AppDelegate.swift; sourceTree = "<group>"; };
		4857CF2E2750362900187524 /* SceneDelegate.swift */ = {isa = PBXFileReference; lastKnownFileType = sourcecode.swift; path = SceneDelegate.swift; sourceTree = "<group>"; };
		4857CF302750362900187524 /* ViewController.swift */ = {isa = PBXFileReference; lastKnownFileType = sourcecode.swift; path = ViewController.swift; sourceTree = "<group>"; };
		4857CF332750362900187524 /* Base */ = {isa = PBXFileReference; lastKnownFileType = file.storyboard; name = Base; path = Base.lproj/Main.storyboard; sourceTree = "<group>"; };
		4857CF352750362A00187524 /* Assets.xcassets */ = {isa = PBXFileReference; lastKnownFileType = folder.assetcatalog; path = Assets.xcassets; sourceTree = "<group>"; };
		4857CF382750362A00187524 /* Base */ = {isa = PBXFileReference; lastKnownFileType = file.storyboard; name = Base; path = Base.lproj/LaunchScreen.storyboard; sourceTree = "<group>"; };
		4857CF3A2750362A00187524 /* Info.plist */ = {isa = PBXFileReference; lastKnownFileType = text.plist.xml; path = Info.plist; sourceTree = "<group>"; };
		4857CF40275048E700187524 /* GoogleService-Info.plist */ = {isa = PBXFileReference; fileEncoding = 4; lastKnownFileType = text.plist.xml; path = "GoogleService-Info.plist"; sourceTree = "<group>"; };
		4857CF4F2750618800187524 /* LoginViewController.swift */ = {isa = PBXFileReference; lastKnownFileType = sourcecode.swift; path = LoginViewController.swift; sourceTree = "<group>"; };
		4857CF512750729500187524 /* HomeViewController.swift */ = {isa = PBXFileReference; lastKnownFileType = sourcecode.swift; path = HomeViewController.swift; sourceTree = "<group>"; };
/* End PBXFileReference section */

/* Begin PBXFrameworksBuildPhase section */
		4857CF262750362900187524 /* Frameworks */ = {
			isa = PBXFrameworksBuildPhase;
			buildActionMask = 2147483647;
			files = (
				4857CF4427504A3100187524 /* FirebaseAnalytics in Frameworks */,
				4857CF4827504A3100187524 /* FirebaseAuth in Frameworks */,
				4857CF4627504A3100187524 /* FirebaseAnalyticsWithoutAdIdSupport in Frameworks */,
				4857CF4C27504A3100187524 /* FirebaseFirestore in Frameworks */,
				4857CF4A27504A3100187524 /* FirebaseAuthCombine-Community in Frameworks */,
				4857CF4E27504A3100187524 /* FirebaseStorage in Frameworks */,
			);
			runOnlyForDeploymentPostprocessing = 0;
		};
/* End PBXFrameworksBuildPhase section */

/* Begin PBXGroup section */
		4857CF202750362900187524 = {
			isa = PBXGroup;
			children = (
				4857CF2B2750362900187524 /* LoginFirebaseiOS */,
				4857CF2A2750362900187524 /* Products */,
			);
			sourceTree = "<group>";
		};
		4857CF2A2750362900187524 /* Products */ = {
			isa = PBXGroup;
			children = (
				4857CF292750362900187524 /* LoginFirebaseiOS.app */,
			);
			name = Products;
			sourceTree = "<group>";
		};
		4857CF2B2750362900187524 /* LoginFirebaseiOS */ = {
			isa = PBXGroup;
			children = (
				4857CF2C2750362900187524 /* AppDelegate.swift */,
				4857CF2E2750362900187524 /* SceneDelegate.swift */,
				4857CF302750362900187524 /* ViewController.swift */,
				4857CF322750362900187524 /* Main.storyboard */,
				4857CF512750729500187524 /* HomeViewController.swift */,
				4857CF4F2750618800187524 /* LoginViewController.swift */,
				4857CF352750362A00187524 /* Assets.xcassets */,
				4857CF372750362A00187524 /* LaunchScreen.storyboard */,
				4857CF3A2750362A00187524 /* Info.plist */,
				4857CF40275048E700187524 /* GoogleService-Info.plist */,
			);
			path = LoginFirebaseiOS;
			sourceTree = "<group>";
		};
/* End PBXGroup section */

/* Begin PBXNativeTarget section */
		4857CF282750362900187524 /* LoginFirebaseiOS */ = {
			isa = PBXNativeTarget;
			buildConfigurationList = 4857CF3D2750362A00187524 /* Build configuration list for PBXNativeTarget "LoginFirebaseiOS" */;
			buildPhases = (
				4857CF252750362900187524 /* Sources */,
				4857CF262750362900187524 /* Frameworks */,
				4857CF272750362900187524 /* Resources */,
			);
			buildRules = (
			);
			dependencies = (
			);
			name = LoginFirebaseiOS;
			packageProductDependencies = (
				4857CF4327504A3100187524 /* FirebaseAnalytics */,
				4857CF4527504A3100187524 /* FirebaseAnalyticsWithoutAdIdSupport */,
				4857CF4727504A3100187524 /* FirebaseAuth */,
				4857CF4927504A3100187524 /* FirebaseAuthCombine-Community */,
				4857CF4B27504A3100187524 /* FirebaseFirestore */,
				4857CF4D27504A3100187524 /* FirebaseStorage */,
			);
			productName = LoginFirebaseiOS;
			productReference = 4857CF292750362900187524 /* LoginFirebaseiOS.app */;
			productType = "com.apple.product-type.application";
		};
/* End PBXNativeTarget section */

/* Begin PBXProject section */
		4857CF212750362900187524 /* Project object */ = {
			isa = PBXProject;
			attributes = {
				BuildIndependentTargetsInParallel = 1;
				LastSwiftUpdateCheck = 1300;
				LastUpgradeCheck = 1300;
				TargetAttributes = {
					4857CF282750362900187524 = {
						CreatedOnToolsVersion = 13.0;
					};
				};
			};
			buildConfigurationList = 4857CF242750362900187524 /* Build configuration list for PBXProject "LoginFirebaseiOS" */;
			compatibilityVersion = "Xcode 13.0";
			developmentRegion = en;
			hasScannedForEncodings = 0;
			knownRegions = (
				en,
				Base,
			);
			mainGroup = 4857CF202750362900187524;
			packageReferences = (
				4857CF4227504A3100187524 /* XCRemoteSwiftPackageReference "firebase-ios-sdk" */,
			);
			productRefGroup = 4857CF2A2750362900187524 /* Products */;
			projectDirPath = "";
			projectRoot = "";
			targets = (
				4857CF282750362900187524 /* LoginFirebaseiOS */,
			);
		};
/* End PBXProject section */

/* Begin PBXResourcesBuildPhase section */
		4857CF272750362900187524 /* Resources */ = {
			isa = PBXResourcesBuildPhase;
			buildActionMask = 2147483647;
			files = (
				4857CF392750362A00187524 /* LaunchScreen.storyboard in Resources */,
				4857CF41275048E700187524 /* GoogleService-Info.plist in Resources */,
				4857CF362750362A00187524 /* Assets.xcassets in Resources */,
				4857CF342750362900187524 /* Main.storyboard in Resources */,
			);
			runOnlyForDeploymentPostprocessing = 0;
		};
/* End PBXResourcesBuildPhase section */

/* Begin PBXSourcesBuildPhase section */
		4857CF252750362900187524 /* Sources */ = {
			isa = PBXSourcesBuildPhase;
			buildActionMask = 2147483647;
			files = (
				4857CF522750729500187524 /* HomeViewController.swift in Sources */,
				4857CF502750618800187524 /* LoginViewController.swift in Sources */,
				4857CF312750362900187524 /* ViewController.swift in Sources */,
				4857CF2D2750362900187524 /* AppDelegate.swift in Sources */,
				4857CF2F2750362900187524 /* SceneDelegate.swift in Sources */,
			);
			runOnlyForDeploymentPostprocessing = 0;
		};
/* End PBXSourcesBuildPhase section */

/* Begin PBXVariantGroup section */
		4857CF322750362900187524 /* Main.storyboard */ = {
			isa = PBXVariantGroup;
			children = (
				4857CF332750362900187524 /* Base */,
			);
			name = Main.storyboard;
			sourceTree = "<group>";
		};
		4857CF372750362A00187524 /* LaunchScreen.storyboard */ = {
			isa = PBXVariantGroup;
			children = (
				4857CF382750362A00187524 /* Base */,
			);
			name = LaunchScreen.storyboard;
			sourceTree = "<group>";
		};
/* End PBXVariantGroup section */

/* Begin XCBuildConfiguration section */
		4857CF3B2750362A00187524 /* Debug */ = {
			isa = XCBuildConfiguration;
			buildSettings = {
				ALWAYS_SEARCH_USER_PATHS = NO;
				CLANG_ANALYZER_NONNULL = YES;
				CLANG_ANALYZER_NUMBER_OBJECT_CONVERSION = YES_AGGRESSIVE;
				CLANG_CXX_LANGUAGE_STANDARD = "gnu++17";
				CLANG_CXX_LIBRARY = "libc++";
				CLANG_ENABLE_MODULES = YES;
				CLANG_ENABLE_OBJC_ARC = YES;
				CLANG_ENABLE_OBJC_WEAK = YES;
				CLANG_WARN_BLOCK_CAPTURE_AUTORELEASING = YES;
				CLANG_WARN_BOOL_CONVERSION = YES;
				CLANG_WARN_COMMA = YES;
				CLANG_WARN_CONSTANT_CONVERSION = YES;
				CLANG_WARN_DEPRECATED_OBJC_IMPLEMENTATIONS = YES;
				CLANG_WARN_DIRECT_OBJC_ISA_USAGE = YES_ERROR;
				CLANG_WARN_DOCUMENTATION_COMMENTS = YES;
				CLANG_WARN_EMPTY_BODY = YES;
				CLANG_WARN_ENUM_CONVERSION = YES;
				CLANG_WARN_INFINITE_RECURSION = YES;
				CLANG_WARN_INT_CONVERSION = YES;
				CLANG_WARN_NON_LITERAL_NULL_CONVERSION = YES;
				CLANG_WARN_OBJC_IMPLICIT_RETAIN_SELF = YES;
				CLANG_WARN_OBJC_LITERAL_CONVERSION = YES;
				CLANG_WARN_OBJC_ROOT_CLASS = YES_ERROR;
				CLANG_WARN_QUOTED_INCLUDE_IN_FRAMEWORK_HEADER = YES;
				CLANG_WARN_RANGE_LOOP_ANALYSIS = YES;
				CLANG_WARN_STRICT_PROTOTYPES = YES;
				CLANG_WARN_SUSPICIOUS_MOVE = YES;
				CLANG_WARN_UNGUARDED_AVAILABILITY = YES_AGGRESSIVE;
				CLANG_WARN_UNREACHABLE_CODE = YES;
				CLANG_WARN__DUPLICATE_METHOD_MATCH = YES;
				COPY_PHASE_STRIP = NO;
				DEBUG_INFORMATION_FORMAT = dwarf;
				ENABLE_STRICT_OBJC_MSGSEND = YES;
				ENABLE_TESTABILITY = YES;
				GCC_C_LANGUAGE_STANDARD = gnu11;
				GCC_DYNAMIC_NO_PIC = NO;
				GCC_NO_COMMON_BLOCKS = YES;
				GCC_OPTIMIZATION_LEVEL = 0;
				GCC_PREPROCESSOR_DEFINITIONS = (
					"DEBUG=1",
					"$(inherited)",
				);
				GCC_WARN_64_TO_32_BIT_CONVERSION = YES;
				GCC_WARN_ABOUT_RETURN_TYPE = YES_ERROR;
				GCC_WARN_UNDECLARED_SELECTOR = YES;
				GCC_WARN_UNINITIALIZED_AUTOS = YES_AGGRESSIVE;
				GCC_WARN_UNUSED_FUNCTION = YES;
				GCC_WARN_UNUSED_VARIABLE = YES;
				IPHONEOS_DEPLOYMENT_TARGET = 15.0;
				MTL_ENABLE_DEBUG_INFO = INCLUDE_SOURCE;
				MTL_FAST_MATH = YES;
				ONLY_ACTIVE_ARCH = YES;
				SDKROOT = iphoneos;
				SWIFT_ACTIVE_COMPILATION_CONDITIONS = DEBUG;
				SWIFT_OPTIMIZATION_LEVEL = "-Onone";
			};
			name = Debug;
		};
		4857CF3C2750362A00187524 /* Release */ = {
			isa = XCBuildConfiguration;
			buildSettings = {
				ALWAYS_SEARCH_USER_PATHS = NO;
				CLANG_ANALYZER_NONNULL = YES;
				CLANG_ANALYZER_NUMBER_OBJECT_CONVERSION = YES_AGGRESSIVE;
				CLANG_CXX_LANGUAGE_STANDARD = "gnu++17";
				CLANG_CXX_LIBRARY = "libc++";
				CLANG_ENABLE_MODULES = YES;
				CLANG_ENABLE_OBJC_ARC = YES;
				CLANG_ENABLE_OBJC_WEAK = YES;
				CLANG_WARN_BLOCK_CAPTURE_AUTORELEASING = YES;
				CLANG_WARN_BOOL_CONVERSION = YES;
				CLANG_WARN_COMMA = YES;
				CLANG_WARN_CONSTANT_CONVERSION = YES;
				CLANG_WARN_DEPRECATED_OBJC_IMPLEMENTATIONS = YES;
				CLANG_WARN_DIRECT_OBJC_ISA_USAGE = YES_ERROR;
				CLANG_WARN_DOCUMENTATION_COMMENTS = YES;
				CLANG_WARN_EMPTY_BODY = YES;
				CLANG_WARN_ENUM_CONVERSION = YES;
				CLANG_WARN_INFINITE_RECURSION = YES;
				CLANG_WARN_INT_CONVERSION = YES;
				CLANG_WARN_NON_LITERAL_NULL_CONVERSION = YES;
				CLANG_WARN_OBJC_IMPLICIT_RETAIN_SELF = YES;
				CLANG_WARN_OBJC_LITERAL_CONVERSION = YES;
				CLANG_WARN_OBJC_ROOT_CLASS = YES_ERROR;
				CLANG_WARN_QUOTED_INCLUDE_IN_FRAMEWORK_HEADER = YES;
				CLANG_WARN_RANGE_LOOP_ANALYSIS = YES;
				CLANG_WARN_STRICT_PROTOTYPES = YES;
				CLANG_WARN_SUSPICIOUS_MOVE = YES;
				CLANG_WARN_UNGUARDED_AVAILABILITY = YES_AGGRESSIVE;
				CLANG_WARN_UNREACHABLE_CODE = YES;
				CLANG_WARN__DUPLICATE_METHOD_MATCH = YES;
				COPY_PHASE_STRIP = NO;
				DEBUG_INFORMATION_FORMAT = "dwarf-with-dsym";
				ENABLE_NS_ASSERTIONS = NO;
				ENABLE_STRICT_OBJC_MSGSEND = YES;
				GCC_C_LANGUAGE_STANDARD = gnu11;
				GCC_NO_COMMON_BLOCKS = YES;
				GCC_WARN_64_TO_32_BIT_CONVERSION = YES;
				GCC_WARN_ABOUT_RETURN_TYPE = YES_ERROR;
				GCC_WARN_UNDECLARED_SELECTOR = YES;
				GCC_WARN_UNINITIALIZED_AUTOS = YES_AGGRESSIVE;
				GCC_WARN_UNUSED_FUNCTION = YES;
				GCC_WARN_UNUSED_VARIABLE = YES;
				IPHONEOS_DEPLOYMENT_TARGET = 15.0;
				MTL_ENABLE_DEBUG_INFO = NO;
				MTL_FAST_MATH = YES;
				SDKROOT = iphoneos;
				SWIFT_COMPILATION_MODE = wholemodule;
				SWIFT_OPTIMIZATION_LEVEL = "-O";
				VALIDATE_PRODUCT = YES;
			};
			name = Release;
		};
		4857CF3E2750362A00187524 /* Debug */ = {
			isa = XCBuildConfiguration;
			buildSettings = {
				ASSETCATALOG_COMPILER_APPICON_NAME = AppIcon;
				ASSETCATALOG_COMPILER_GLOBAL_ACCENT_COLOR_NAME = AccentColor;
				CODE_SIGN_STYLE = Automatic;
				CURRENT_PROJECT_VERSION = 1;
				DEVELOPMENT_TEAM = 4VMTKGDC5W;
				GENERATE_INFOPLIST_FILE = YES;
				INFOPLIST_FILE = LoginFirebaseiOS/Info.plist;
				INFOPLIST_KEY_UIApplicationSupportsIndirectInputEvents = YES;
				INFOPLIST_KEY_UILaunchStoryboardName = LaunchScreen;
				INFOPLIST_KEY_UIMainStoryboardFile = Main;
				INFOPLIST_KEY_UISupportedInterfaceOrientations_iPad = "UIInterfaceOrientationPortrait UIInterfaceOrientationPortraitUpsideDown UIInterfaceOrientationLandscapeLeft UIInterfaceOrientationLandscapeRight";
				INFOPLIST_KEY_UISupportedInterfaceOrientations_iPhone = "UIInterfaceOrientationPortrait UIInterfaceOrientationLandscapeLeft UIInterfaceOrientationLandscapeRight";
				LD_RUNPATH_SEARCH_PATHS = (
					"$(inherited)",
					"@executable_path/Frameworks",
				);
				MARKETING_VERSION = 1.0;
				PRODUCT_BUNDLE_IDENTIFIER = com.giovannamoeller.LoginFirebaseiOS;
				PRODUCT_NAME = "$(TARGET_NAME)";
				SWIFT_EMIT_LOC_STRINGS = YES;
				SWIFT_VERSION = 5.0;
				TARGETED_DEVICE_FAMILY = "1,2";
			};
			name = Debug;
		};
		4857CF3F2750362A00187524 /* Release */ = {
			isa = XCBuildConfiguration;
			buildSettings = {
				ASSETCATALOG_COMPILER_APPICON_NAME = AppIcon;
				ASSETCATALOG_COMPILER_GLOBAL_ACCENT_COLOR_NAME = AccentColor;
				CODE_SIGN_STYLE = Automatic;
				CURRENT_PROJECT_VERSION = 1;
				DEVELOPMENT_TEAM = 4VMTKGDC5W;
				GENERATE_INFOPLIST_FILE = YES;
				INFOPLIST_FILE = LoginFirebaseiOS/Info.plist;
				INFOPLIST_KEY_UIApplicationSupportsIndirectInputEvents = YES;
				INFOPLIST_KEY_UILaunchStoryboardName = LaunchScreen;
				INFOPLIST_KEY_UIMainStoryboardFile = Main;
				INFOPLIST_KEY_UISupportedInterfaceOrientations_iPad = "UIInterfaceOrientationPortrait UIInterfaceOrientationPortraitUpsideDown UIInterfaceOrientationLandscapeLeft UIInterfaceOrientationLandscapeRight";
				INFOPLIST_KEY_UISupportedInterfaceOrientations_iPhone = "UIInterfaceOrientationPortrait UIInterfaceOrientationLandscapeLeft UIInterfaceOrientationLandscapeRight";
				LD_RUNPATH_SEARCH_PATHS = (
					"$(inherited)",
					"@executable_path/Frameworks",
				);
				MARKETING_VERSION = 1.0;
				PRODUCT_BUNDLE_IDENTIFIER = com.giovannamoeller.LoginFirebaseiOS;
				PRODUCT_NAME = "$(TARGET_NAME)";
				SWIFT_EMIT_LOC_STRINGS = YES;
				SWIFT_VERSION = 5.0;
				TARGETED_DEVICE_FAMILY = "1,2";
			};
			name = Release;
		};
/* End XCBuildConfiguration section */

/* Begin XCConfigurationList section */
		4857CF242750362900187524 /* Build configuration list for PBXProject "LoginFirebaseiOS" */ = {
			isa = XCConfigurationList;
			buildConfigurations = (
				4857CF3B2750362A00187524 /* Debug */,
				4857CF3C2750362A00187524 /* Release */,
			);
			defaultConfigurationIsVisible = 0;
			defaultConfigurationName = Release;
		};
		4857CF3D2750362A00187524 /* Build configuration list for PBXNativeTarget "LoginFirebaseiOS" */ = {
			isa = XCConfigurationList;
			buildConfigurations = (
				4857CF3E2750362A00187524 /* Debug */,
				4857CF3F2750362A00187524 /* Release */,
			);
			defaultConfigurationIsVisible = 0;
			defaultConfigurationName = Release;
		};
/* End XCConfigurationList section */

/* Begin XCRemoteSwiftPackageReference section */
		4857CF4227504A3100187524 /* XCRemoteSwiftPackageReference "firebase-ios-sdk" */ = {
			isa = XCRemoteSwiftPackageReference;
			repositoryURL = "https://github.com/firebase/firebase-ios-sdk";
			requirement = {
				kind = upToNextMajorVersion;
				minimumVersion = 8.0.0;
			};
		};
/* End XCRemoteSwiftPackageReference section */

/* Begin XCSwiftPackageProductDependency section */
		4857CF4327504A3100187524 /* FirebaseAnalytics */ = {
			isa = XCSwiftPackageProductDependency;
			package = 4857CF4227504A3100187524 /* XCRemoteSwiftPackageReference "firebase-ios-sdk" */;
			productName = FirebaseAnalytics;
		};
		4857CF4527504A3100187524 /* FirebaseAnalyticsWithoutAdIdSupport */ = {
			isa = XCSwiftPackageProductDependency;
			package = 4857CF4227504A3100187524 /* XCRemoteSwiftPackageReference "firebase-ios-sdk" */;
			productName = FirebaseAnalyticsWithoutAdIdSupport;
		};
		4857CF4727504A3100187524 /* FirebaseAuth */ = {
			isa = XCSwiftPackageProductDependency;
			package = 4857CF4227504A3100187524 /* XCRemoteSwiftPackageReference "firebase-ios-sdk" */;
			productName = FirebaseAuth;
		};
		4857CF4927504A3100187524 /* FirebaseAuthCombine-Community */ = {
			isa = XCSwiftPackageProductDependency;
			package = 4857CF4227504A3100187524 /* XCRemoteSwiftPackageReference "firebase-ios-sdk" */;
			productName = "FirebaseAuthCombine-Community";
		};
		4857CF4B27504A3100187524 /* FirebaseFirestore */ = {
			isa = XCSwiftPackageProductDependency;
			package = 4857CF4227504A3100187524 /* XCRemoteSwiftPackageReference "firebase-ios-sdk" */;
			productName = FirebaseFirestore;
		};
		4857CF4D27504A3100187524 /* FirebaseStorage */ = {
			isa = XCSwiftPackageProductDependency;
			package = 4857CF4227504A3100187524 /* XCRemoteSwiftPackageReference "firebase-ios-sdk" */;
			productName = FirebaseStorage;
		};
/* End XCSwiftPackageProductDependency section */
	};
	rootObject = 4857CF212750362900187524 /* Project object */;
}
